
Microsoft Visual Studio Solution File, Format Version 12.00
# Visual Studio Version 16
VisualStudioVersion = 16.0.32602.291
MinimumVisualStudioVersion = 10.0.40219.1
Project("{FAE04EC0-301F-11D3-BF4B-00C04F79EFBC}") = "BootcampRepository", "BootcampRepository\BootcampRepository.csproj", "{23CB09E0-F639-4D80-AD31-C68CA72FFDBB}"
EndProject
Global
	GlobalSection(SolutionConfigurationPlatforms) = preSolution
		Debug|Any CPU = Debug|Any CPU
		Release|Any CPU = Release|Any CPU
	EndGlobalSection
	GlobalSection(ProjectConfigurationPlatforms) = postSolution
		{23CB09E0-F639-4D80-AD31-C68CA72FFDBB}.Debug|Any CPU.ActiveCfg = Debug|Any CPU
		{23CB09E0-F639-4D80-AD31-C68CA72FFDBB}.Debug|Any CPU.Build.0 = Debug|Any CPU
		{23CB09E0-F639-4D80-AD31-C68CA72FFDBB}.Release|Any CPU.ActiveCfg = Release|Any CPU
		{23CB09E0-F639-4D80-AD31-C68CA72FFDBB}.Release|Any CPU.Build.0 = Release|Any CPU
	EndGlobalSection
	GlobalSection(SolutionProperties) = preSolution
		HideSolutionNode = FALSE
	EndGlobalSection
	GlobalSection(ExtensibilityGlobals) = postSolution
		SolutionGuid = {4C97AC24-9031-417F-9796-2F7039A5C00D}
	EndGlobalSection
EndGlobal
